
Microsoft Visual Studio Solution File, Format Version 12.00
# Visual Studio Version 17
VisualStudioVersion = 17.14.36414.22 d17.14
MinimumVisualStudioVersion = 10.0.40219.1
Project("{FAE04EC0-301F-11D3-BF4B-00C04F79EFBC}") = "AwesomeTickets", "AwesomeTickets\AwesomeTickets.csproj", "{092095C2-94B6-4A8D-A620-672F678D7263}"
EndProject
Global
	GlobalSection(SolutionConfigurationPlatforms) = preSolution
		Debug|Any CPU = Debug|Any CPU
		Release|Any CPU = Release|Any CPU
	EndGlobalSection
	GlobalSection(ProjectConfigurationPlatforms) = postSolution
		{092095C2-94B6-4A8D-A620-672F678D7263}.Debug|Any CPU.ActiveCfg = Debug|Any CPU
		{092095C2-94B6-4A8D-A620-672F678D7263}.Debug|Any CPU.Build.0 = Debug|Any CPU
		{092095C2-94B6-4A8D-A620-672F678D7263}.Release|Any CPU.ActiveCfg = Release|Any CPU
		{092095C2-94B6-4A8D-A620-672F678D7263}.Release|Any CPU.Build.0 = Release|Any CPU
	EndGlobalSection
	GlobalSection(SolutionProperties) = preSolution
		HideSolutionNode = FALSE
	EndGlobalSection
	GlobalSection(ExtensibilityGlobals) = postSolution
		SolutionGuid = {DA54B58F-7942-4286-BDFF-AB0431FDF043}
	EndGlobalSection
EndGlobal
